
Microsoft Visual Studio Solution File, Format Version 12.00
# Visual Studio Version 16
VisualStudioVersion = 16.0.30320.27
MinimumVisualStudioVersion = 10.0.40219.1
Project("{FAE04EC0-301F-11D3-BF4B-00C04F79EFBC}") = "DataStructuresDemo", "DataStructuresDemo.csproj", "{89D7ECA7-9876-4565-8670-323E9A39D22D}"
EndProject
Global
	GlobalSection(SolutionConfigurationPlatforms) = preSolution
		Debug|Any CPU = Debug|Any CPU
		Release|Any CPU = Release|Any CPU
	EndGlobalSection
	GlobalSection(ProjectConfigurationPlatforms) = postSolution
		{89D7ECA7-9876-4565-8670-323E9A39D22D}.Debug|Any CPU.ActiveCfg = Debug|Any CPU
		{89D7ECA7-9876-4565-8670-323E9A39D22D}.Debug|Any CPU.Build.0 = Debug|Any CPU
		{89D7ECA7-9876-4565-8670-323E9A39D22D}.Release|Any CPU.ActiveCfg = Release|Any CPU
		{89D7ECA7-9876-4565-8670-323E9A39D22D}.Release|Any CPU.Build.0 = Release|Any CPU
	EndGlobalSection
	GlobalSection(SolutionProperties) = preSolution
		HideSolutionNode = FALSE
	EndGlobalSection
	GlobalSection(ExtensibilityGlobals) = postSolution
		SolutionGuid = {97B4D4DB-7625-4262-96C8-DA0CB16BBA06}
	EndGlobalSection
EndGlobal
